
Microsoft Visual Studio Solution File, Format Version 12.00
# Visual Studio 15
VisualStudioVersion = 15.0.28307.102
MinimumVisualStudioVersion = 10.0.40219.1
Project("{FAE04EC0-301F-11D3-BF4B-00C04F79EFBC}") = "DialogIssue", "DialogIssue\DialogIssue.csproj", "{3F7BF6DC-B958-4488-A79D-60847A2CC924}"
EndProject
Global
	GlobalSection(SolutionConfigurationPlatforms) = preSolution
		Debug|Any CPU = Debug|Any CPU
		Release|Any CPU = Release|Any CPU
	EndGlobalSection
	GlobalSection(ProjectConfigurationPlatforms) = postSolution
		{3F7BF6DC-B958-4488-A79D-60847A2CC924}.Debug|Any CPU.ActiveCfg = Debug|Any CPU
		{3F7BF6DC-B958-4488-A79D-60847A2CC924}.Debug|Any CPU.Build.0 = Debug|Any CPU
		{3F7BF6DC-B958-4488-A79D-60847A2CC924}.Release|Any CPU.ActiveCfg = Release|Any CPU
		{3F7BF6DC-B958-4488-A79D-60847A2CC924}.Release|Any CPU.Build.0 = Release|Any CPU
	EndGlobalSection
	GlobalSection(SolutionProperties) = preSolution
		HideSolutionNode = FALSE
	EndGlobalSection
	GlobalSection(ExtensibilityGlobals) = postSolution
		SolutionGuid = {3E39E04B-0D71-41A5-9408-C4F6FC6544F0}
	EndGlobalSection
EndGlobal
